
Microsoft Visual Studio Solution File, Format Version 12.00
# Visual Studio Version 17
VisualStudioVersion = 17.14.36414.22 d17.14
MinimumVisualStudioVersion = 10.0.40219.1
Project("{FAE04EC0-301F-11D3-BF4B-00C04F79EFBC}") = "AmanAdams.ST10290748.PROG7312.POE", "AmanAdams.ST10290748.PROG7312.POE\AmanAdams.ST10290748.PROG7312.POE.csproj", "{6CB3B0BF-23EF-405F-BDB5-CAB7EB437C2E}"
EndProject
Global
	GlobalSection(SolutionConfigurationPlatforms) = preSolution
		Debug|Any CPU = Debug|Any CPU
		Release|Any CPU = Release|Any CPU
	EndGlobalSection
	GlobalSection(ProjectConfigurationPlatforms) = postSolution
		{6CB3B0BF-23EF-405F-BDB5-CAB7EB437C2E}.Debug|Any CPU.ActiveCfg = Debug|Any CPU
		{6CB3B0BF-23EF-405F-BDB5-CAB7EB437C2E}.Debug|Any CPU.Build.0 = Debug|Any CPU
		{6CB3B0BF-23EF-405F-BDB5-CAB7EB437C2E}.Release|Any CPU.ActiveCfg = Release|Any CPU
		{6CB3B0BF-23EF-405F-BDB5-CAB7EB437C2E}.Release|Any CPU.Build.0 = Release|Any CPU
	EndGlobalSection
	GlobalSection(SolutionProperties) = preSolution
		HideSolutionNode = FALSE
	EndGlobalSection
	GlobalSection(ExtensibilityGlobals) = postSolution
		SolutionGuid = {0129E4A1-DE05-4740-A969-9E240F23C632}
	EndGlobalSection
EndGlobal
